{
  "version": 2,
  "dependencies": {
    "net9.0": {
      "Bullseye": {
        "type": "Direct",
        "requested": "[6.0.0, )",
        "resolved": "6.0.0",
        "contentHash": "vgwwXfzs7jJrskWH7saHRMgPzziq/e86QZNWY1MnMxd7e+De7E7EX4K3C7yrvaK9y02SJoLxNxcLG/q5qUAghw=="
      },
      "SimpleExec": {
        "type": "Direct",
        "requested": "[12.0.0, )",
        "resolved": "12.0.0",
        "contentHash": "ptxlWtxC8vM6Y6e3h9ZTxBBkOWnWrm/Sa1HT+2i1xcXY3Hx2hmKDZP5RShPf8Xr9D+ivlrXNy57ktzyH8kyt+Q=="
      },
      "System.Linq.Async": {
        "type": "Direct",
        "requested": "[7.0.0, )",
        "resolved": "7.0.0",
        "contentHash": "A2Wci92Oyuodi8YLMQCJJ0vHqzgRFgEUG1K6tQNcoxHd3w05B1LvGzXvxQnGYPIL4Cr4hicHytpk2F2Jx8TZHg==",
        "dependencies": {
          "System.Interactive.Async": "7.0.0",
          "System.Linq.AsyncEnumerable": "10.0.0"
        }
      },
      "System.Interactive.Async": {
        "type": "Transitive",
        "resolved": "7.0.0",
        "contentHash": "Ckj+tg2BVOZ0oLp7FAbjfvRyA/BMkUhVxROLd+x22zncRR6KD7CdFzAYp+9Mo2cedxAMo2X9ZNyhZu68jdDITw==",
        "dependencies": {
          "System.Linq.AsyncEnumerable": "10.0.0"
        }
      },
      "System.Linq.AsyncEnumerable": {
        "type": "Transitive",
        "resolved": "10.0.0",
        "contentHash": "t1jnw7So3eeZVemma+82w+Y394oPX1bebkr3gY3IzyotP3kKC/JWwGRz2WssoUFODWWvkACT2hXliumgCHu9LQ=="
      }
    }
  }
}